{
  "name": "gh-craft",
  "version": "0.0.1",
  "lockfileVersion": 1,
  "requires": true,
  "dependencies": {
    "aabb-3d": {
      "version": "0.0.0",
      "resolved": "https://registry.npmjs.org/aabb-3d/-/aabb-3d-0.0.0.tgz",
      "integrity": "sha1-Ij71eYp0fR1d+2VVpMatlC4XGcg=",
      "requires": {
        "gl-matrix": "2.X.X"
      }
    },
    "acorn": {
      "version": "5.5.3",
      "resolved": "https://registry.npmjs.org/acorn/-/acorn-5.5.3.tgz",
      "integrity": "sha512-jd5MkIUlbbmb07nXH0DT3y7rDVtkzDi4XZOUVWAer8ajmF/DTSSbl5oNFyDOl/OXA33Bl79+ypHhl2pN20VeOQ=="
    },
    "add-line-numbers": {
      "version": "1.0.1",
      "resolved": "https://registry.npmjs.org/add-line-numbers/-/add-line-numbers-1.0.1.tgz",
      "integrity": "sha1-SNu96kfb0jTer+rGyTzqb3C0t+M=",
      "requires": {
        "pad-left": "^1.0.2"
      }
    },
    "amdefine": {
      "version": "1.0.1",
      "resolved": "https://registry.npmjs.org/amdefine/-/amdefine-1.0.1.tgz",
      "integrity": "sha1-SlKCrBZHKek2Gbz9OtFR+BfOkfU=",
      "optional": true
    },
    "atlaspack": {
      "version": "0.2.7",
      "resolved": "https://registry.npmjs.org/atlaspack/-/atlaspack-0.2.7.tgz",
      "integrity": "sha1-jQAIuTNhiPVTNLpXYDhN5phVjQI="
    },
    "atob-lite": {
      "version": "1.0.0",
      "resolved": "https://registry.npmjs.org/atob-lite/-/atob-lite-1.0.0.tgz",
      "integrity": "sha1-uI3KYAaSK5YglPdVaCa6sxxKKWs="
    },
    "bit-twiddle": {
      "version": "0.0.2",
      "resolved": "https://registry.npmjs.org/bit-twiddle/-/bit-twiddle-0.0.2.tgz",
      "integrity": "sha1-wurruVKjuUrMFASX4c3NLxoz9Y4="
    },
    "bl": {
      "version": "1.2.2",
      "resolved": "https://registry.npmjs.org/bl/-/bl-1.2.2.tgz",
      "integrity": "sha512-e8tQYnZodmebYDWGH7KMRvtzKXaJHx3BbilrgZCfvyLUYdKpK1t5PSPmpkny/SgiTSCnjfLW7v5rlONXVFkQEA==",
      "requires": {
        "readable-stream": "^2.3.5",
        "safe-buffer": "^5.1.1"
      },
      "dependencies": {
        "isarray": {
          "version": "1.0.0",
          "resolved": "https://registry.npmjs.org/isarray/-/isarray-1.0.0.tgz",
          "integrity": "sha1-u5NdSFgsuhaMBoNJV6VKPgcSTxE="
        },
        "readable-stream": {
          "version": "2.3.6",
          "resolved": "https://registry.npmjs.org/readable-stream/-/readable-stream-2.3.6.tgz",
          "integrity": "sha512-tQtKA9WIAhBF3+VLAseyMqZeBjW0AHJoxOtYqSUZNJxauErmLbVm2FW1y+J/YA9dUrAC39ITejlZWhVIwawkKw==",
          "requires": {
            "core-util-is": "~1.0.0",
            "inherits": "~2.0.3",
            "isarray": "~1.0.0",
            "process-nextick-args": "~2.0.0",
            "safe-buffer": "~5.1.1",
            "string_decoder": "~1.1.1",
            "util-deprecate": "~1.0.1"
          }
        },
        "string_decoder": {
          "version": "1.1.1",
          "resolved": "https://registry.npmjs.org/string_decoder/-/string_decoder-1.1.1.tgz",
          "integrity": "sha512-n/ShnvDi6FHbbVfviro+WojiFzv+s8MPMHBczVePfUpDJLwoLT0ht1l4YwBCbi8pJAveEEdnkHyPyTP/mzRfwg==",
          "requires": {
            "safe-buffer": "~5.1.0"
          }
        }
      }
    },
    "buffer-from": {
      "version": "1.0.0",
      "resolved": "https://registry.npmjs.org/buffer-from/-/buffer-from-1.0.0.tgz",
      "integrity": "sha512-83apNb8KK0Se60UE1+4Ukbe3HbfELJ6UlI4ldtOGs7So4KD26orJM8hIY9lxdzP+UpItH1Yh/Y8GUvNFWFFRxA=="
    },
    "clone": {
      "version": "1.0.4",
      "resolved": "https://registry.npmjs.org/clone/-/clone-1.0.4.tgz",
      "integrity": "sha1-2jCcwmPfFZlMaIypAheco8fNfH4="
    },
    "collide-3d-tilemap": {
      "version": "0.0.1",
      "resolved": "https://registry.npmjs.org/collide-3d-tilemap/-/collide-3d-tilemap-0.0.1.tgz",
      "integrity": "sha1-OPya5LBADc+DcKYZihUQPPGf1V8="
    },
    "commander": {
      "version": "2.1.0",
      "resolved": "https://registry.npmjs.org/commander/-/commander-2.1.0.tgz",
      "integrity": "sha1-0SG7roYNmZKj1Re6lvVliOR8Z4E="
    },
    "concat-stream": {
      "version": "1.6.2",
      "resolved": "https://registry.npmjs.org/concat-stream/-/concat-stream-1.6.2.tgz",
      "integrity": "sha512-27HBghJxjiZtIk3Ycvn/4kbJk/1uZuJFfuPEns6LaEvpvG1f0hTea8lilrouyo9mVc2GWdcEZ8OLoGmSADlrCw==",
      "requires": {
        "buffer-from": "^1.0.0",
        "inherits": "^2.0.3",
        "readable-stream": "^2.2.2",
        "typedarray": "^0.0.6"
      },
      "dependencies": {
        "isarray": {
          "version": "1.0.0",
          "resolved": "https://registry.npmjs.org/isarray/-/isarray-1.0.0.tgz",
          "integrity": "sha1-u5NdSFgsuhaMBoNJV6VKPgcSTxE="
        },
        "readable-stream": {
          "version": "2.3.6",
          "resolved": "https://registry.npmjs.org/readable-stream/-/readable-stream-2.3.6.tgz",
          "integrity": "sha512-tQtKA9WIAhBF3+VLAseyMqZeBjW0AHJoxOtYqSUZNJxauErmLbVm2FW1y+J/YA9dUrAC39ITejlZWhVIwawkKw==",
          "requires": {
            "core-util-is": "~1.0.0",
            "inherits": "~2.0.3",
            "isarray": "~1.0.0",
            "process-nextick-args": "~2.0.0",
            "safe-buffer": "~5.1.1",
            "string_decoder": "~1.1.1",
            "util-deprecate": "~1.0.1"
          }
        },
        "string_decoder": {
          "version": "1.1.1",
          "resolved": "https://registry.npmjs.org/string_decoder/-/string_decoder-1.1.1.tgz",
          "integrity": "sha512-n/ShnvDi6FHbbVfviro+WojiFzv+s8MPMHBczVePfUpDJLwoLT0ht1l4YwBCbi8pJAveEEdnkHyPyTP/mzRfwg==",
          "requires": {
            "safe-buffer": "~5.1.0"
          }
        }
      }
    },
    "core-util-is": {
      "version": "1.0.2",
      "resolved": "https://registry.npmjs.org/core-util-is/-/core-util-is-1.0.2.tgz",
      "integrity": "sha1-tf1UIgqivFq1eqtxQMlAdUUDwac="
    },
    "cwise-compiler": {
      "version": "1.1.3",
      "resolved": "https://registry.npmjs.org/cwise-compiler/-/cwise-compiler-1.1.3.tgz",
      "integrity": "sha1-9NZnQQ6FDToxOn0tt7HlBbsDTMU=",
      "requires": {
        "uniq": "^1.0.0"
      }
    },
    "deep-equal": {
      "version": "1.0.1",
      "resolved": "https://registry.npmjs.org/deep-equal/-/deep-equal-1.0.1.tgz",
      "integrity": "sha1-9dJgKStmDghO/0zbyfCK0yR0SLU="
    },
    "domnode": {
      "version": "0.0.3",
      "resolved": "https://registry.npmjs.org/domnode/-/domnode-0.0.3.tgz",
      "integrity": "sha1-qLsNjqjUlEVdDB+yLlZFxk2wxL4=",
      "requires": {
        "mustache": "0.4.0"
      }
    },
    "domnode-dom": {
      "version": "0.0.4",
      "resolved": "https://registry.npmjs.org/domnode-dom/-/domnode-dom-0.0.4.tgz",
      "integrity": "sha1-TGbSbq8eTxr1bt6Fk+xPv82djo8=",
      "requires": {
        "domnode": "~0.0.3"
      }
    },
    "drag-stream": {
      "version": "0.0.2",
      "resolved": "https://registry.npmjs.org/drag-stream/-/drag-stream-0.0.2.tgz",
      "integrity": "sha1-UtbkD6S4MXgBSmHlTrJdxJnR+w8=",
      "requires": {
        "domnode-dom": "~0.0.X",
        "through": "~1.1.1"
      },
      "dependencies": {
        "through": {
          "version": "1.1.2",
          "resolved": "https://registry.npmjs.org/through/-/through-1.1.2.tgz",
          "integrity": "sha1-NEpUJaN3MxTKfg62US+6+vdsC/4="
        }
      }
    },
    "dup": {
      "version": "0.0.0",
      "resolved": "https://registry.npmjs.org/dup/-/dup-0.0.0.tgz",
      "integrity": "sha1-aAxMUazmq5/jvG5I2cqybAOWq9c="
    },
    "events": {
      "version": "1.1.1",
      "resolved": "https://registry.npmjs.org/events/-/events-1.1.1.tgz",
      "integrity": "sha1-nr23Y1rQmccNzEwqH1AEKI6L2SQ="
    },
    "ever": {
      "version": "0.0.3",
      "resolved": "https://registry.npmjs.org/ever/-/ever-0.0.3.tgz",
      "integrity": "sha1-zqRspV9ZmbS7vTv8deJh1wPGFUM="
    },
    "extend": {
      "version": "1.1.3",
      "resolved": "https://registry.npmjs.org/extend/-/extend-1.1.3.tgz",
      "integrity": "sha1-WuPRLjMAmHnftXTpEaLaHj2invQ="
    },
    "falafel": {
      "version": "2.1.0",
      "resolved": "https://registry.npmjs.org/falafel/-/falafel-2.1.0.tgz",
      "integrity": "sha1-lrsXdh2rqU9G0AFzizzt86Z/4Gw=",
      "requires": {
        "acorn": "^5.0.0",
        "foreach": "^2.0.5",
        "isarray": "0.0.1",
        "object-keys": "^1.0.6"
      }
    },
    "findup": {
      "version": "0.1.5",
      "resolved": "https://registry.npmjs.org/findup/-/findup-0.1.5.tgz",
      "integrity": "sha1-itkpozk7rGJ5V6fl3kYjsGsOLOs=",
      "requires": {
        "colors": "~0.6.0-1",
        "commander": "~2.1.0"
      },
      "dependencies": {
        "colors": {
          "version": "0.6.2",
          "resolved": "https://registry.npmjs.org/colors/-/colors-0.6.2.tgz",
          "integrity": "sha1-JCP+ZnisDF2uiFLl0OW+CMmXq8w="
        }
      }
    },
    "foreach": {
      "version": "2.0.5",
      "resolved": "https://registry.npmjs.org/foreach/-/foreach-2.0.5.tgz",
      "integrity": "sha1-C+4AUBiusmDQo6865ljdATbsG5k="
    },
    "fullscreen": {
      "version": "0.0.1",
      "resolved": "https://registry.npmjs.org/fullscreen/-/fullscreen-0.0.1.tgz",
      "integrity": "sha1-o2jH9tTV0OpV8CHJJsrlWDcL8E8="
    },
    "function-bind": {
      "version": "1.1.1",
      "resolved": "https://registry.npmjs.org/function-bind/-/function-bind-1.1.1.tgz",
      "integrity": "sha512-yIovAzMX49sF8Yl58fSCWJ5svSLuaibPxXQJFLmBObTuCr0Mf1KiPopGM9NiFjiYBCbfaa2Fh6breQ6ANVTI0A=="
    },
    "funstance": {
      "version": "0.0.2",
      "resolved": "https://registry.npmjs.org/funstance/-/funstance-0.0.2.tgz",
      "integrity": "sha1-yrzQUdvFFFW+AWHZ5rjulZqsyrQ="
    },
    "gl-buffer": {
      "version": "0.1.2",
      "resolved": "https://registry.npmjs.org/gl-buffer/-/gl-buffer-0.1.2.tgz",
      "integrity": "sha1-cROljyFr9ZWEtuDpW+vCeOKId28=",
      "requires": {
        "ndarray": "^1.0.10",
        "ndarray-ops": "^1.1.0",
        "typedarray-pool": "^0.1.1"
      }
    },
    "gl-constants": {
      "version": "1.0.0",
      "resolved": "https://registry.npmjs.org/gl-constants/-/gl-constants-1.0.0.tgz",
      "integrity": "sha1-WXpQTjZHUP9QJTqjX43qevSl0jM="
    },
    "gl-css3d": {
      "version": "1.0.2",
      "resolved": "https://registry.npmjs.org/gl-css3d/-/gl-css3d-1.0.2.tgz",
      "integrity": "sha1-B8AY16T5YcFqe4Y2cU7X2MFQnxs=",
      "requires": {
        "gl-mat4": "^1.1.2",
        "gl-mesh": "github:deathcap/gl-mesh#69a24b4189c5d82b90be7c4ffe9b3e1d35d24e40",
        "gl-shader": "^4.1.1",
        "glslify": "^5.0.0",
        "matrix-to-css": "^1.0.4"
      }
    },
    "gl-format-compiler-error": {
      "version": "1.0.3",
      "resolved": "https://registry.npmjs.org/gl-format-compiler-error/-/gl-format-compiler-error-1.0.3.tgz",
      "integrity": "sha1-DHmxdRiZzpcy6GJA8JCqQemEcag=",
      "requires": {
        "add-line-numbers": "^1.0.1",
        "gl-constants": "^1.0.0",
        "glsl-shader-name": "^1.0.0",
        "sprintf-js": "^1.0.3"
      }
    },
    "gl-mat4": {
      "version": "1.2.0",
      "resolved": "https://registry.npmjs.org/gl-mat4/-/gl-mat4-1.2.0.tgz",
      "integrity": "sha512-sT5C0pwB1/e9G9AvAoLsoaJtbMGjfd/jfxo8jMCKqYYEnjZuFvqV5rehqar0538EmssjdDeiEWnKyBSTw7quoA=="
    },
    "gl-matrix": {
      "version": "2.0.0",
      "resolved": "https://registry.npmjs.org/gl-matrix/-/gl-matrix-2.0.0.tgz",
      "integrity": "sha1-BuzYsrYN5KDbxE1smMoxZvwArRo="
    },
    "gl-mesh": {
      "version": "github:deathcap/gl-mesh#69a24b4189c5d82b90be7c4ffe9b3e1d35d24e40",
      "from": "github:deathcap/gl-mesh#ndarrayops12+skip0",
      "requires": {
        "gl-buffer": "~0.1.0",
        "gl-vao": "~0.0.1",
        "ndarray": "~1.0.0",
        "ndarray-ops": "^1.2.2",
        "typedarray-pool": "~0.1.1",
        "webglew": "~0.0.0"
      }
    },
    "gl-shader": {
      "version": "4.2.1",
      "resolved": "https://registry.npmjs.org/gl-shader/-/gl-shader-4.2.1.tgz",
      "integrity": "sha1-vJuAjpKTxRtmjojeYVsMETcI3C8=",
      "requires": {
        "gl-format-compiler-error": "^1.0.2",
        "weakmap-shim": "^1.1.0"
      }
    },
    "gl-vao": {
      "version": "0.0.3",
      "resolved": "https://registry.npmjs.org/gl-vao/-/gl-vao-0.0.3.tgz",
      "integrity": "sha1-I/0P0eW0RozrEhSzX/LfH9ss1VU=",
      "requires": {
        "webglew": "~0.0.0"
      }
    },
    "glsl-inject-defines": {
      "version": "1.0.3",
      "resolved": "https://registry.npmjs.org/glsl-inject-defines/-/glsl-inject-defines-1.0.3.tgz",
      "integrity": "sha1-3RqswsF/yyvT/DJBHGYz0Ne2D9Q=",
      "requires": {
        "glsl-token-inject-block": "^1.0.0",
        "glsl-token-string": "^1.0.1",
        "glsl-tokenizer": "^2.0.2"
      }
    },
    "glsl-resolve": {
      "version": "0.0.1",
      "resolved": "https://registry.npmjs.org/glsl-resolve/-/glsl-resolve-0.0.1.tgz",
      "integrity": "sha1-iUvvc5ENeSyBtRQxgANdCnivdtM=",
      "requires": {
        "resolve": "^0.6.1",
        "xtend": "^2.1.2"
      },
      "dependencies": {
        "resolve": {
          "version": "0.6.3",
          "resolved": "https://registry.npmjs.org/resolve/-/resolve-0.6.3.tgz",
          "integrity": "sha1-3ZV5gufnNt699TtYpN2RdUV13UY="
        },
        "xtend": {
          "version": "2.2.0",
          "resolved": "https://registry.npmjs.org/xtend/-/xtend-2.2.0.tgz",
          "integrity": "sha1-7vax8ZjByN6vrYsXZaBNrUoBxak="
        }
      }
    },
    "glsl-shader-name": {
      "version": "1.0.0",
      "resolved": "https://registry.npmjs.org/glsl-shader-name/-/glsl-shader-name-1.0.0.tgz",
      "integrity": "sha1-osMLO6c0mb77DMcYTXx3M91LSH0=",
      "requires": {
        "atob-lite": "^1.0.0",
        "glsl-tokenizer": "^2.0.2"
      }
    },
    "glsl-token-assignments": {
      "version": "2.0.2",
      "resolved": "https://registry.npmjs.org/glsl-token-assignments/-/glsl-token-assignments-2.0.2.tgz",
      "integrity": "sha1-pdgqt4SZwuimuDy2lJXm5mXOAZ8="
    },
    "glsl-token-defines": {
      "version": "1.0.0",
      "resolved": "https://registry.npmjs.org/glsl-token-defines/-/glsl-token-defines-1.0.0.tgz",
      "integrity": "sha1-y4kqqVmTYjFyhHDU90AySJaX+p0=",
      "requires": {
        "glsl-tokenizer": "^2.0.0"
      }
    },
    "glsl-token-depth": {
      "version": "1.1.2",
      "resolved": "https://registry.npmjs.org/glsl-token-depth/-/glsl-token-depth-1.1.2.tgz",
      "integrity": "sha1-I8XjDuK9JViEtKKLyFC495HpXYQ="
    },
    "glsl-token-descope": {
      "version": "1.0.2",
      "resolved": "https://registry.npmjs.org/glsl-token-descope/-/glsl-token-descope-1.0.2.tgz",
      "integrity": "sha1-D8kKsyYYa4L1l7LnfcniHvzTIHY=",
      "requires": {
        "glsl-token-assignments": "^2.0.0",
        "glsl-token-depth": "^1.1.0",
        "glsl-token-properties": "^1.0.0",
        "glsl-token-scope": "^1.1.0"
      }
    },
    "glsl-token-inject-block": {
      "version": "1.1.0",
      "resolved": "https://registry.npmjs.org/glsl-token-inject-block/-/glsl-token-inject-block-1.1.0.tgz",
      "integrity": "sha1-4QFfWYDBCRgkraomJfHf3ovQADQ="
    },
    "glsl-token-properties": {
      "version": "1.0.1",
      "resolved": "https://registry.npmjs.org/glsl-token-properties/-/glsl-token-properties-1.0.1.tgz",
      "integrity": "sha1-SD3D2Dnw1LXGFx0VkfJJvlPCip4="
    },
    "glsl-token-scope": {
      "version": "1.1.2",
      "resolved": "https://registry.npmjs.org/glsl-token-scope/-/glsl-token-scope-1.1.2.tgz",
      "integrity": "sha1-oXKOeN8kRE+cuT/RjvD3VQOmQ7E="
    },
    "glsl-token-string": {
      "version": "1.0.1",
      "resolved": "https://registry.npmjs.org/glsl-token-string/-/glsl-token-string-1.0.1.tgz",
      "integrity": "sha1-WUQdL4V958NEnJRWZgIezjWOSOw="
    },
    "glsl-token-whitespace-trim": {
      "version": "1.0.0",
      "resolved": "https://registry.npmjs.org/glsl-token-whitespace-trim/-/glsl-token-whitespace-trim-1.0.0.tgz",
      "integrity": "sha1-RtHf6Yx1vX1QTAXX0RsbPpzJOxA="
    },
    "glsl-tokenizer": {
      "version": "2.1.2",
      "resolved": "https://registry.npmjs.org/glsl-tokenizer/-/glsl-tokenizer-2.1.2.tgz",
      "integrity": "sha1-cgMHUi4DxXrzXABVGVDEpw7y37k=",
      "requires": {
        "through2": "^0.6.3"
      },
      "dependencies": {
        "through2": {
          "version": "0.6.5",
          "resolved": "https://registry.npmjs.org/through2/-/through2-0.6.5.tgz",
          "integrity": "sha1-QaucZ7KdVyCQcUEOHXp6lozTrUg=",
          "requires": {
            "readable-stream": ">=1.0.33-1 <1.1.0-0",
            "xtend": ">=4.0.0 <4.1.0-0"
          }
        }
      }
    },
    "glslify": {
      "version": "5.1.0",
      "resolved": "https://registry.npmjs.org/glslify/-/glslify-5.1.0.tgz",
      "integrity": "sha1-GTW7tWMhWv0+Y2tugvSLyhpqAio=",
      "requires": {
        "bl": "^1.0.0",
        "glsl-resolve": "0.0.1",
        "glslify-bundle": "^5.0.0",
        "glslify-deps": "^1.2.5",
        "minimist": "^1.2.0",
        "resolve": "^1.1.5",
        "static-module": "^1.1.2",
        "through2": "^0.6.3",
        "xtend": "^4.0.0"
      },
      "dependencies": {
        "duplexer2": {
          "version": "0.0.2",
          "resolved": "https://registry.npmjs.org/duplexer2/-/duplexer2-0.0.2.tgz",
          "integrity": "sha1-xhTc9n4vsUmVqRcR5aYX6KYKMds=",
          "requires": {
            "readable-stream": "~1.1.9"
          },
          "dependencies": {
            "readable-stream": {
              "version": "1.1.14",
              "resolved": "https://registry.npmjs.org/readable-stream/-/readable-stream-1.1.14.tgz",
              "integrity": "sha1-fPTFTvZI44EwhMY23SB54WbAgdk=",
              "requires": {
                "core-util-is": "~1.0.0",
                "inherits": "~2.0.1",
                "isarray": "0.0.1",
                "string_decoder": "~0.10.x"
              }
            }
          }
        },
        "escodegen": {
          "version": "1.3.3",
          "resolved": "https://registry.npmjs.org/escodegen/-/escodegen-1.3.3.tgz",
          "integrity": "sha1-8CQBb1qI4Eb9EgBQVek5gC5sXyM=",
          "requires": {
            "esprima": "~1.1.1",
            "estraverse": "~1.5.0",
            "esutils": "~1.0.0",
            "source-map": "~0.1.33"
          }
        },
        "esprima": {
          "version": "1.1.1",
          "resolved": "https://registry.npmjs.org/esprima/-/esprima-1.1.1.tgz",
          "integrity": "sha1-W28VR/TRAuZw4UDFCb5ncdautUk="
        },
        "estraverse": {
          "version": "1.5.1",
          "resolved": "https://registry.npmjs.org/estraverse/-/estraverse-1.5.1.tgz",
          "integrity": "sha1-hno+jlip+EYYr7bC3bzZFrfLr3E="
        },
        "esutils": {
          "version": "1.0.0",
          "resolved": "https://registry.npmjs.org/esutils/-/esutils-1.0.0.tgz",
          "integrity": "sha1-gVHTWOIMisx/t0XnRywAJf5JZXA="
        },
        "object-inspect": {
          "version": "0.4.0",
          "resolved": "https://registry.npmjs.org/object-inspect/-/object-inspect-0.4.0.tgz",
          "integrity": "sha1-9RV8EWwUVbJDsG7pdwM5LFrYn+w="
        },
        "object-keys": {
          "version": "0.4.0",
          "resolved": "https://registry.npmjs.org/object-keys/-/object-keys-0.4.0.tgz",
          "integrity": "sha1-KKaq50KN0sOpLz2V8hM13SBOAzY="
        },
        "quote-stream": {
          "version": "0.0.0",
          "resolved": "https://registry.npmjs.org/quote-stream/-/quote-stream-0.0.0.tgz",
          "integrity": "sha1-zeKelMQJsW4Z3HCYuJtmWPlyHTs=",
          "requires": {
            "minimist": "0.0.8",
            "through2": "~0.4.1"
          },
          "dependencies": {
            "minimist": {
              "version": "0.0.8",
              "resolved": "https://registry.npmjs.org/minimist/-/minimist-0.0.8.tgz",
              "integrity": "sha1-hX/Kv8M5fSYluCKCYuhqp6ARsF0="
            },
            "through2": {
              "version": "0.4.2",
              "resolved": "https://registry.npmjs.org/through2/-/through2-0.4.2.tgz",
              "integrity": "sha1-2/WGYDEVHsg1K7bE22SiKSqEC5s=",
              "requires": {
                "readable-stream": "~1.0.17",
                "xtend": "~2.1.1"
              }
            },
            "xtend": {
              "version": "2.1.2",
              "resolved": "https://registry.npmjs.org/xtend/-/xtend-2.1.2.tgz",
              "integrity": "sha1-bv7MKk2tjmlixJAbM3znuoe10os=",
              "requires": {
                "object-keys": "~0.4.0"
              }
            }
          }
        },
        "source-map": {
          "version": "0.1.43",
          "resolved": "https://registry.npmjs.org/source-map/-/source-map-0.1.43.tgz",
          "integrity": "sha1-wkvBRspRfBRx9drL4lcbK3+eM0Y=",
          "optional": true,
          "requires": {
            "amdefine": ">=0.0.4"
          }
        },
        "static-eval": {
          "version": "0.2.4",
          "resolved": "https://registry.npmjs.org/static-eval/-/static-eval-0.2.4.tgz",
          "integrity": "sha1-t9NNg4k3uWn5ZBygfUj47eJj6ns=",
          "requires": {
            "escodegen": "~0.0.24"
          },
          "dependencies": {
            "escodegen": {
              "version": "0.0.28",
              "resolved": "https://registry.npmjs.org/escodegen/-/escodegen-0.0.28.tgz",
              "integrity": "sha1-Dk/xcV8yh3XWyrUaxEpAbNer/9M=",
              "requires": {
                "esprima": "~1.0.2",
                "estraverse": "~1.3.0",
                "source-map": ">= 0.1.2"
              }
            },
            "esprima": {
              "version": "1.0.4",
              "resolved": "https://registry.npmjs.org/esprima/-/esprima-1.0.4.tgz",
              "integrity": "sha1-n1V+CPw7TSbs6d00+Pv0drYlha0="
            },
            "estraverse": {
              "version": "1.3.2",
              "resolved": "https://registry.npmjs.org/estraverse/-/estraverse-1.3.2.tgz",
              "integrity": "sha1-N8K4k+8T1yPydth41g2FNRUqbEI="
            }
          }
        },
        "static-module": {
          "version": "1.5.0",
          "resolved": "https://registry.npmjs.org/static-module/-/static-module-1.5.0.tgz",
          "integrity": "sha1-J9qYg8QajNCSNvhC8MHrxu32PYY=",
          "requires": {
            "concat-stream": "~1.6.0",
            "duplexer2": "~0.0.2",
            "escodegen": "~1.3.2",
            "falafel": "^2.1.0",
            "has": "^1.0.0",
            "object-inspect": "~0.4.0",
            "quote-stream": "~0.0.0",
            "readable-stream": "~1.0.27-1",
            "shallow-copy": "~0.0.1",
            "static-eval": "~0.2.0",
            "through2": "~0.4.1"
          },
          "dependencies": {
            "through2": {
              "version": "0.4.2",
              "resolved": "https://registry.npmjs.org/through2/-/through2-0.4.2.tgz",
              "integrity": "sha1-2/WGYDEVHsg1K7bE22SiKSqEC5s=",
              "requires": {
                "readable-stream": "~1.0.17",
                "xtend": "~2.1.1"
              }
            },
            "xtend": {
              "version": "2.1.2",
              "resolved": "https://registry.npmjs.org/xtend/-/xtend-2.1.2.tgz",
              "integrity": "sha1-bv7MKk2tjmlixJAbM3znuoe10os=",
              "requires": {
                "object-keys": "~0.4.0"
              }
            }
          }
        },
        "through2": {
          "version": "0.6.5",
          "resolved": "https://registry.npmjs.org/through2/-/through2-0.6.5.tgz",
          "integrity": "sha1-QaucZ7KdVyCQcUEOHXp6lozTrUg=",
          "requires": {
            "readable-stream": ">=1.0.33-1 <1.1.0-0",
            "xtend": ">=4.0.0 <4.1.0-0"
          }
        }
      }
    },
    "glslify-bundle": {
      "version": "5.0.0",
      "resolved": "https://registry.npmjs.org/glslify-bundle/-/glslify-bundle-5.0.0.tgz",
      "integrity": "sha1-AlKtoe+d8wtmAAbguyH9EwtIbkI=",
      "requires": {
        "glsl-inject-defines": "^1.0.1",
        "glsl-token-defines": "^1.0.0",
        "glsl-token-depth": "^1.1.1",
        "glsl-token-descope": "^1.0.2",
        "glsl-token-scope": "^1.1.1",
        "glsl-token-string": "^1.0.1",
        "glsl-token-whitespace-trim": "^1.0.0",
        "glsl-tokenizer": "^2.0.2",
        "murmurhash-js": "^1.0.0",
        "shallow-copy": "0.0.1"
      }
    },
    "glslify-deps": {
      "version": "1.3.0",
      "resolved": "https://registry.npmjs.org/glslify-deps/-/glslify-deps-1.3.0.tgz",
      "integrity": "sha1-CyI0yOqePT/X9rPLfwOuWea1Glk=",
      "requires": {
        "events": "^1.0.2",
        "findup": "^0.1.5",
        "glsl-resolve": "0.0.1",
        "glsl-tokenizer": "^2.0.0",
        "graceful-fs": "^4.1.2",
        "inherits": "^2.0.1",
        "map-limit": "0.0.1",
        "resolve": "^1.0.0"
      }
    },
    "graceful-fs": {
      "version": "4.1.11",
      "resolved": "https://registry.npmjs.org/graceful-fs/-/graceful-fs-4.1.11.tgz",
      "integrity": "sha1-Dovf5NHduIVNZOBOp8AOKgJuVlg="
    },
    "has": {
      "version": "1.0.1",
      "resolved": "https://registry.npmjs.org/has/-/has-1.0.1.tgz",
      "integrity": "sha1-hGFzP1OLCDfJNh45qauelwTcLyg=",
      "requires": {
        "function-bind": "^1.0.2"
      }
    },
    "inherits": {
      "version": "2.0.3",
      "resolved": "https://registry.npmjs.org/inherits/-/inherits-2.0.3.tgz",
      "integrity": "sha1-Yzwsg+PaQqUC9SRmAiSA9CCCYd4="
    },
    "interact": {
      "version": "0.0.2",
      "resolved": "https://registry.npmjs.org/interact/-/interact-0.0.2.tgz",
      "integrity": "sha1-SCMEPcy7FFoyBDbK8CkKjLnA+XM=",
      "requires": {
        "drag-stream": "0.0.2",
        "fullscreen": "0.0.1",
        "pointer-lock": "0.0.3"
      }
    },
    "inventory": {
      "version": "2.0.0",
      "resolved": "https://registry.npmjs.org/inventory/-/inventory-2.0.0.tgz",
      "integrity": "sha1-Z70BXHetoz5gPzIsEyBRaP2nlYw=",
      "requires": {
        "deep-equal": "^1.0.0",
        "itempile": "^2.0.0"
      }
    },
    "iota-array": {
      "version": "1.0.0",
      "resolved": "https://registry.npmjs.org/iota-array/-/iota-array-1.0.0.tgz",
      "integrity": "sha1-ge9X/l0FgUzVjCSDYyqZwwoOgIc="
    },
    "is-buffer": {
      "version": "1.1.6",
      "resolved": "https://registry.npmjs.org/is-buffer/-/is-buffer-1.1.6.tgz",
      "integrity": "sha512-NcdALwpXkTm5Zvvbk7owOUSvVvBKDgKP5/ewfXEznmQFfs4ZRmanOeKBTjRVjka3QFoN6XJ+9F3USqfHqTaU5w=="
    },
    "isarray": {
      "version": "0.0.1",
      "resolved": "https://registry.npmjs.org/isarray/-/isarray-0.0.1.tgz",
      "integrity": "sha1-ihis/Kmo9Bd+Cav8YDiTmwXR7t8="
    },
    "itempile": {
      "version": "2.0.0",
      "resolved": "https://registry.npmjs.org/itempile/-/itempile-2.0.0.tgz",
      "integrity": "sha1-JaiOcJD5ziJgnzdG/0jhGrzcYWo=",
      "requires": {
        "clone": "^1.0.2",
        "deep-equal": "^1.0.1"
      }
    },
    "kb-controls": {
      "version": "0.0.2",
      "resolved": "https://registry.npmjs.org/kb-controls/-/kb-controls-0.0.2.tgz",
      "integrity": "sha1-dKYXzWU5PgVnlICdHTCIFh72+kA=",
      "requires": {
        "ever": "X.X.X",
        "vkey": "X.X.X"
      }
    },
    "map-limit": {
      "version": "0.0.1",
      "resolved": "https://registry.npmjs.org/map-limit/-/map-limit-0.0.1.tgz",
      "integrity": "sha1-63lhAxwPDo0AG/LVb6toXViCLzg=",
      "requires": {
        "once": "~1.3.0"
      },
      "dependencies": {
        "once": {
          "version": "1.3.3",
          "resolved": "https://registry.npmjs.org/once/-/once-1.3.3.tgz",
          "integrity": "sha1-suJhVXzkwxTsgwTz+oJmPkKXyiA=",
          "requires": {
            "wrappy": "1"
          }
        }
      }
    },
    "matrix-to-css": {
      "version": "1.0.4",
      "resolved": "https://registry.npmjs.org/matrix-to-css/-/matrix-to-css-1.0.4.tgz",
      "integrity": "sha1-wBJm5cQ8PB7OPqZUJvfDajmq1h8="
    },
    "minecraft-skin": {
      "version": "0.1.2",
      "resolved": "https://registry.npmjs.org/minecraft-skin/-/minecraft-skin-0.1.2.tgz",
      "integrity": "sha1-l+GyzKcLcmeDI4VCSBD4KGVyrHs="
    },
    "minimist": {
      "version": "1.2.0",
      "resolved": "https://registry.npmjs.org/minimist/-/minimist-1.2.0.tgz",
      "integrity": "sha1-o1AIsg9BOD7sH7kU9M1d95omQoQ="
    },
    "murmurhash-js": {
      "version": "1.0.0",
      "resolved": "https://registry.npmjs.org/murmurhash-js/-/murmurhash-js-1.0.0.tgz",
      "integrity": "sha1-sGJ44h/Gw3+lMTcysEEry2rhX1E="
    },
    "mustache": {
      "version": "0.4.0",
      "resolved": "https://registry.npmjs.org/mustache/-/mustache-0.4.0.tgz",
      "integrity": "sha1-Ses7xg/UERnFDIeqcGfvY9FZK90="
    },
    "ndarray": {
      "version": "1.0.18",
      "resolved": "https://registry.npmjs.org/ndarray/-/ndarray-1.0.18.tgz",
      "integrity": "sha1-tg06cyJOxVXQ+qeXEeUCRI/T95M=",
      "requires": {
        "iota-array": "^1.0.0",
        "is-buffer": "^1.0.2"
      }
    },
    "ndarray-ops": {
      "version": "1.2.2",
      "resolved": "https://registry.npmjs.org/ndarray-ops/-/ndarray-ops-1.2.2.tgz",
      "integrity": "sha1-WeiNLDKn7ryxvGkPrhQVeVV6YU4=",
      "requires": {
        "cwise-compiler": "^1.0.0"
      }
    },
    "object-keys": {
      "version": "1.0.11",
      "resolved": "https://registry.npmjs.org/object-keys/-/object-keys-1.0.11.tgz",
      "integrity": "sha1-xUYBd4rVYPEULODgG8yotW0TQm0="
    },
    "opaque": {
      "version": "0.0.1",
      "resolved": "https://registry.npmjs.org/opaque/-/opaque-0.0.1.tgz",
      "integrity": "sha1-9o1fE6O8ifgvqQH2eetztOFHFc4="
    },
    "pad-left": {
      "version": "1.0.2",
      "resolved": "https://registry.npmjs.org/pad-left/-/pad-left-1.0.2.tgz",
      "integrity": "sha1-GeVzXqmDlaJs7carkm6tEPMQDUw=",
      "requires": {
        "repeat-string": "^1.3.0"
      }
    },
    "painterly-textures": {
      "version": "0.0.3",
      "resolved": "https://registry.npmjs.org/painterly-textures/-/painterly-textures-0.0.3.tgz",
      "integrity": "sha1-cCPFdh67NHSmAjw3DTcW2vx1Lrc="
    },
    "path-parse": {
      "version": "1.0.5",
      "resolved": "https://registry.npmjs.org/path-parse/-/path-parse-1.0.5.tgz",
      "integrity": "sha1-PBrfhx6pzWyUMbbqK9dKD/BVxME="
    },
    "pin-it": {
      "version": "0.0.1",
      "resolved": "https://registry.npmjs.org/pin-it/-/pin-it-0.0.1.tgz",
      "integrity": "sha1-z4QQGf++aMocBrSNyhQ2E4VghcI="
    },
    "player-physics": {
      "version": "0.1.0",
      "resolved": "https://registry.npmjs.org/player-physics/-/player-physics-0.1.0.tgz",
      "integrity": "sha1-0+dzBMzfSEsLctHQ2qFBnBz3i/U=",
      "requires": {
        "inherits": "1.0.0",
        "three": "0.54.0"
      },
      "dependencies": {
        "inherits": {
          "version": "1.0.0",
          "resolved": "https://registry.npmjs.org/inherits/-/inherits-1.0.0.tgz",
          "integrity": "sha1-OOGXUoW/H3upyE2hArsSdxMirEg="
        },
        "three": {
          "version": "0.54.0",
          "resolved": "https://registry.npmjs.org/three/-/three-0.54.0.tgz",
          "integrity": "sha1-IegtxYso+Ir18pouWD2mChHSdCE="
        }
      }
    },
    "pointer-lock": {
      "version": "0.0.3",
      "resolved": "https://registry.npmjs.org/pointer-lock/-/pointer-lock-0.0.3.tgz",
      "integrity": "sha1-KwZ1ykgkw95Qly0aKDCb584KNfc="
    },
    "process-nextick-args": {
      "version": "2.0.0",
      "resolved": "https://registry.npmjs.org/process-nextick-args/-/process-nextick-args-2.0.0.tgz",
      "integrity": "sha512-MtEC1TqN0EU5nephaJ4rAtThHtC86dNN9qCuEhtshvpVBkAW5ZO7BASN9REnF9eoXGcRub+pFuKEpOHE+HbEMw=="
    },
    "raf": {
      "version": "0.0.1",
      "resolved": "https://registry.npmjs.org/raf/-/raf-0.0.1.tgz",
      "integrity": "sha1-HN2qYFSsfEB+8DcTGVWp1YYZhvw="
    },
    "readable-stream": {
      "version": "1.0.34",
      "resolved": "https://registry.npmjs.org/readable-stream/-/readable-stream-1.0.34.tgz",
      "integrity": "sha1-Elgg40vIQtLyqq+v5MKRbuMsFXw=",
      "requires": {
        "core-util-is": "~1.0.0",
        "inherits": "~2.0.1",
        "isarray": "0.0.1",
        "string_decoder": "~0.10.x"
      }
    },
    "repeat-string": {
      "version": "1.6.1",
      "resolved": "https://registry.npmjs.org/repeat-string/-/repeat-string-1.6.1.tgz",
      "integrity": "sha1-jcrkcOHIirwtYA//Sndihtp15jc="
    },
    "resolve": {
      "version": "1.7.1",
      "resolved": "https://registry.npmjs.org/resolve/-/resolve-1.7.1.tgz",
      "integrity": "sha512-c7rwLofp8g1U+h1KNyHL/jicrKg1Ek4q+Lr33AL65uZTinUZHe30D5HlyN5V9NW0JX1D5dXQ4jqW5l7Sy/kGfw==",
      "requires": {
        "path-parse": "^1.0.5"
      }
    },
    "safe-buffer": {
      "version": "5.1.2",
      "resolved": "https://registry.npmjs.org/safe-buffer/-/safe-buffer-5.1.2.tgz",
      "integrity": "sha512-Gd2UZBJDkXlY7GbJxfsE8/nvKkUEU1G38c1siN6QP6a9PT9MmHB8GnpscSmMJSoF8LOIrt8ud/wPtojys4G6+g=="
    },
    "shallow-copy": {
      "version": "0.0.1",
      "resolved": "https://registry.npmjs.org/shallow-copy/-/shallow-copy-0.0.1.tgz",
      "integrity": "sha1-QV9CcC1z2BAzApLMXuhurhoRoXA="
    },
    "shellwords": {
      "version": "0.1.1",
      "resolved": "https://registry.npmjs.org/shellwords/-/shellwords-0.1.1.tgz",
      "integrity": "sha512-vFwSUfQvqybiICwZY5+DAWIPLKsWO31Q91JSKl3UYv+K5c2QRPzn0qzec6QPu1Qc9eHYItiP3NdJqNVqetYAww=="
    },
    "spatial-events": {
      "version": "0.0.1",
      "resolved": "https://registry.npmjs.org/spatial-events/-/spatial-events-0.0.1.tgz",
      "integrity": "sha1-Kpk+PUlIrPD3eTTYyBVYY+HDB28=",
      "requires": {
        "aabb-3d": "0.X.X"
      }
    },
    "spatial-trigger": {
      "version": "0.0.0",
      "resolved": "https://registry.npmjs.org/spatial-trigger/-/spatial-trigger-0.0.0.tgz",
      "integrity": "sha1-aHlL4ekR5/rmoFpP81ADyB23nFM="
    },
    "sprintf-js": {
      "version": "1.1.1",
      "resolved": "https://registry.npmjs.org/sprintf-js/-/sprintf-js-1.1.1.tgz",
      "integrity": "sha1-Nr54Mgr+WAH2zqPueLblqrlA6gw="
    },
    "string_decoder": {
      "version": "0.10.31",
      "resolved": "https://registry.npmjs.org/string_decoder/-/string_decoder-0.10.31.tgz",
      "integrity": "sha1-YuIDvEF2bGwoyfyEMB2rHFMQ+pQ="
    },
    "three": {
      "version": "0.56.0",
      "resolved": "https://registry.npmjs.org/three/-/three-0.56.0.tgz",
      "integrity": "sha1-jEfFi4KU6GUoxm3gSqcMlocVvTE="
    },
    "tic": {
      "version": "0.2.1",
      "resolved": "https://registry.npmjs.org/tic/-/tic-0.2.1.tgz",
      "integrity": "sha1-AyQDNt3inQt8Llok6cwMv1Rh4bE="
    },
    "toolbar": {
      "version": "0.0.2",
      "resolved": "https://registry.npmjs.org/toolbar/-/toolbar-0.0.2.tgz",
      "integrity": "sha1-bpwe7squDwCN48baKX3pGvPxHlk=",
      "requires": {
        "inherits": "1.0.0"
      },
      "dependencies": {
        "inherits": {
          "version": "1.0.0",
          "resolved": "https://registry.npmjs.org/inherits/-/inherits-1.0.0.tgz",
          "integrity": "sha1-OOGXUoW/H3upyE2hArsSdxMirEg="
        }
      }
    },
    "typedarray": {
      "version": "0.0.6",
      "resolved": "https://registry.npmjs.org/typedarray/-/typedarray-0.0.6.tgz",
      "integrity": "sha1-hnrHTjhkGHsdPUfZlqeOxciDB3c="
    },
    "typedarray-pool": {
      "version": "0.1.2",
      "resolved": "https://registry.npmjs.org/typedarray-pool/-/typedarray-pool-0.1.2.tgz",
      "integrity": "sha1-wBpKldNfBfmQ9TRWtj/2mFV9ko8=",
      "requires": {
        "bit-twiddle": "~0.0.2",
        "dup": "~0.0.0"
      }
    },
    "underscore": {
      "version": "1.4.4",
      "resolved": "https://registry.npmjs.org/underscore/-/underscore-1.4.4.tgz",
      "integrity": "sha1-YaajIBBiKvoHljvzJSA88SI51gQ="
    },
    "uniq": {
      "version": "1.0.1",
      "resolved": "https://registry.npmjs.org/uniq/-/uniq-1.0.1.tgz",
      "integrity": "sha1-sxxa6CVIRKOoKBVBzisEuGWnNP8="
    },
    "util-deprecate": {
      "version": "1.0.2",
      "resolved": "https://registry.npmjs.org/util-deprecate/-/util-deprecate-1.0.2.tgz",
      "integrity": "sha1-RQ1Nyfpw3nMnYvvS1KKJgUGaDM8="
    },
    "vkey": {
      "version": "1.0.1",
      "resolved": "https://registry.npmjs.org/vkey/-/vkey-1.0.1.tgz",
      "integrity": "sha1-ccVqy3WegDIcldYWwrf8VQWRgcA="
    },
    "voxel": {
      "version": "0.1.5",
      "resolved": "https://registry.npmjs.org/voxel/-/voxel-0.1.5.tgz",
      "integrity": "sha1-BHIMMjYETpA54CeX7EVyUhtJ3gw=",
      "requires": {
        "inherits": "1.0.0"
      },
      "dependencies": {
        "inherits": {
          "version": "1.0.0",
          "resolved": "https://registry.npmjs.org/inherits/-/inherits-1.0.0.tgz",
          "integrity": "sha1-OOGXUoW/H3upyE2hArsSdxMirEg="
        }
      }
    },
    "voxel-chunks": {
      "version": "0.0.2",
      "resolved": "https://registry.npmjs.org/voxel-chunks/-/voxel-chunks-0.0.2.tgz",
      "integrity": "sha1-fTbn9sSt1Ro0xWU7oBZuVU12qfg=",
      "requires": {
        "inherits": "~1.0.0",
        "voxel": "~0.1.1",
        "voxel-mesh": "~0.1.0"
      },
      "dependencies": {
        "inherits": {
          "version": "1.0.2",
          "resolved": "https://registry.npmjs.org/inherits/-/inherits-1.0.2.tgz",
          "integrity": "sha1-ykMJ2t7mtUzAuNJH6NfHoJdb3Js="
        }
      }
    },
    "voxel-commands": {
      "version": "1.0.1",
      "resolved": "https://registry.npmjs.org/voxel-commands/-/voxel-commands-1.0.1.tgz",
      "integrity": "sha1-SptX+TAGadSjLp0Lb6DqKfZJIB4=",
      "requires": {
        "inventory": "^2.0.0",
        "itempile": "^2.0.0",
        "shellwords": "^0.1.0"
      }
    },
    "voxel-control": {
      "version": "0.0.7",
      "resolved": "https://registry.npmjs.org/voxel-control/-/voxel-control-0.0.7.tgz",
      "integrity": "sha1-Y6R60d6uTZm090dcdrQBu+bvucc="
    },
    "voxel-debris": {
      "version": "0.0.4",
      "resolved": "https://registry.npmjs.org/voxel-debris/-/voxel-debris-0.0.4.tgz",
      "integrity": "sha1-Ioe5gs4ZR4jZzWZyRFVu6p0QLQc=",
      "requires": {
        "funstance": "~0.0.2"
      }
    },
    "voxel-engine": {
      "version": "0.18.4",
      "resolved": "https://registry.npmjs.org/voxel-engine/-/voxel-engine-0.18.4.tgz",
      "integrity": "sha1-3B6LLE7wPDQjSAScHiOglsOx9rE=",
      "requires": {
        "aabb-3d": "0.0.0",
        "collide-3d-tilemap": "0.0.1",
        "gl-matrix": "2.0.0",
        "inherits": "1.0.0",
        "interact": "0.0.2",
        "kb-controls": "0.0.2",
        "pin-it": "0.0.1",
        "raf": "0.0.1",
        "spatial-events": "0.0.1",
        "spatial-trigger": "0.0.0",
        "three": "0.56.0",
        "tic": "0.2.1",
        "voxel": "0.3.1",
        "voxel-control": "0.0.7",
        "voxel-mesh": "0.2.1",
        "voxel-physical": "0.0.10",
        "voxel-raycast": "0.2.1",
        "voxel-region-change": "0.1.0",
        "voxel-texture": "0.5.6",
        "voxel-view": "0.0.6"
      },
      "dependencies": {
        "inherits": {
          "version": "1.0.0",
          "resolved": "https://registry.npmjs.org/inherits/-/inherits-1.0.0.tgz",
          "integrity": "sha1-OOGXUoW/H3upyE2hArsSdxMirEg="
        },
        "voxel": {
          "version": "0.3.1",
          "resolved": "https://registry.npmjs.org/voxel/-/voxel-0.3.1.tgz",
          "integrity": "sha1-qXF6djX+HpQxt48XKBI4Wph3fhs=",
          "requires": {
            "inherits": "1.0.0"
          }
        },
        "voxel-mesh": {
          "version": "0.2.1",
          "resolved": "https://registry.npmjs.org/voxel-mesh/-/voxel-mesh-0.2.1.tgz",
          "integrity": "sha1-a3U55G4IQ13cs+58y2ovUUTuymk="
        }
      }
    },
    "voxel-fly": {
      "version": "0.1.2",
      "resolved": "https://registry.npmjs.org/voxel-fly/-/voxel-fly-0.1.2.tgz",
      "integrity": "sha1-O1DqRUeAchaDXKaAYD74ZNozhf8=",
      "requires": {
        "ever": "0.0.3",
        "vkey": "0.0.2"
      },
      "dependencies": {
        "vkey": {
          "version": "0.0.2",
          "resolved": "https://registry.npmjs.org/vkey/-/vkey-0.0.2.tgz",
          "integrity": "sha1-ueHPGiM7+E3+akXu8/zt0Cd+zWU="
        }
      }
    },
    "voxel-hello-world": {
      "version": "0.6.0",
      "resolved": "https://registry.npmjs.org/voxel-hello-world/-/voxel-hello-world-0.6.0.tgz",
      "integrity": "sha1-KjmMBleMyGQyIUHCVGsK6AHyPWQ=",
      "requires": {
        "extend": "1.1.3",
        "voxel": "0.3.1",
        "voxel-engine": "~0.18.0",
        "voxel-fly": "~0.1.0",
        "voxel-highlight": "0.0.9",
        "voxel-player": "0.1.0",
        "voxel-walk": "git://github.com/flyswatter/voxel-walk.git#fc4ca7b0d63f1308d05bbdf081d95a97381f78c6"
      },
      "dependencies": {
        "inherits": {
          "version": "1.0.0",
          "resolved": "https://registry.npmjs.org/inherits/-/inherits-1.0.0.tgz",
          "integrity": "sha1-OOGXUoW/H3upyE2hArsSdxMirEg="
        },
        "three": {
          "version": "0.54.0",
          "resolved": "https://registry.npmjs.org/three/-/three-0.54.0.tgz",
          "integrity": "sha1-IegtxYso+Ir18pouWD2mChHSdCE="
        },
        "voxel": {
          "version": "0.3.1",
          "resolved": "https://registry.npmjs.org/voxel/-/voxel-0.3.1.tgz",
          "integrity": "sha1-qXF6djX+HpQxt48XKBI4Wph3fhs=",
          "requires": {
            "inherits": "1.0.0"
          }
        },
        "voxel-region-change": {
          "version": "0.0.2",
          "resolved": "https://registry.npmjs.org/voxel-region-change/-/voxel-region-change-0.0.2.tgz",
          "integrity": "sha1-TZ4GNm0RhANDk7MpWWJTypB5tk0=",
          "requires": {
            "aabb-3d": "0.0.0"
          }
        },
        "voxel-texture": {
          "version": "0.3.0",
          "resolved": "https://registry.npmjs.org/voxel-texture/-/voxel-texture-0.3.0.tgz",
          "integrity": "sha1-MS6xGR+R8kFrbj3maQsI0/W7HSI=",
          "requires": {
            "opaque": "0.0.1",
            "three": "0.54.0"
          }
        },
        "voxel-walk": {
          "version": "git://github.com/flyswatter/voxel-walk.git#fc4ca7b0d63f1308d05bbdf081d95a97381f78c6",
          "from": "git://github.com/flyswatter/voxel-walk.git",
          "requires": {
            "minecraft-skin": "~0.1.2",
            "painterly-textures": "0.0.3",
            "voxel": "~0.1.5",
            "voxel-debris": "0.0.4",
            "voxel-engine": "0.5.3"
          },
          "dependencies": {
            "voxel": {
              "version": "0.1.5",
              "resolved": "https://registry.npmjs.org/voxel/-/voxel-0.1.5.tgz",
              "integrity": "sha1-BHIMMjYETpA54CeX7EVyUhtJ3gw=",
              "requires": {
                "inherits": "1.0.0"
              }
            },
            "voxel-engine": {
              "version": "0.5.3",
              "resolved": "https://registry.npmjs.org/voxel-engine/-/voxel-engine-0.5.3.tgz",
              "integrity": "sha1-VQ0seBFLb4hxc3+b0LbAM+PxBts=",
              "requires": {
                "aabb-3d": "0.0.0",
                "collide-3d-tilemap": "0.0.1",
                "inherits": "1.0.0",
                "interact": "0.0.2",
                "player-physics": "0.1.0",
                "raf": "0.0.1",
                "spatial-events": "0.0.1",
                "spatial-trigger": "0.0.0",
                "three": "0.54.0",
                "toolbar": "0.0.2",
                "voxel": "0.1.4",
                "voxel-chunks": "0.0.2",
                "voxel-mesh": "0.1.1",
                "voxel-region-change": "0.0.2",
                "voxel-texture": "0.3.0"
              },
              "dependencies": {
                "voxel": {
                  "version": "0.1.4",
                  "resolved": "https://registry.npmjs.org/voxel/-/voxel-0.1.4.tgz",
                  "integrity": "sha1-p3fZfdEKCRZpbLo/v1H7xezllqU=",
                  "requires": {
                    "inherits": "1.0.0"
                  }
                }
              }
            }
          }
        }
      }
    },
    "voxel-highlight": {
      "version": "0.0.9",
      "resolved": "https://registry.npmjs.org/voxel-highlight/-/voxel-highlight-0.0.9.tgz",
      "integrity": "sha1-GcHaOOvxVZU4HWftuy8CXLqXAv8=",
      "requires": {
        "inherits": "1.0.0",
        "underscore": "1.4.4"
      },
      "dependencies": {
        "inherits": {
          "version": "1.0.0",
          "resolved": "https://registry.npmjs.org/inherits/-/inherits-1.0.0.tgz",
          "integrity": "sha1-OOGXUoW/H3upyE2hArsSdxMirEg="
        }
      }
    },
    "voxel-mesh": {
      "version": "0.1.1",
      "resolved": "https://registry.npmjs.org/voxel-mesh/-/voxel-mesh-0.1.1.tgz",
      "integrity": "sha1-B4jocpalY9WxOQ2rFJbKWSN3Ny4=",
      "requires": {
        "three": "0.54.0"
      },
      "dependencies": {
        "three": {
          "version": "0.54.0",
          "resolved": "https://registry.npmjs.org/three/-/three-0.54.0.tgz",
          "integrity": "sha1-IegtxYso+Ir18pouWD2mChHSdCE="
        }
      }
    },
    "voxel-physical": {
      "version": "0.0.10",
      "resolved": "https://registry.npmjs.org/voxel-physical/-/voxel-physical-0.0.10.tgz",
      "integrity": "sha1-/J9m+s1ta04cQixNqrXGfqxDalg=",
      "requires": {
        "aabb-3d": "0.0.X",
        "three": "0.X.X"
      }
    },
    "voxel-player": {
      "version": "0.1.0",
      "resolved": "https://registry.npmjs.org/voxel-player/-/voxel-player-0.1.0.tgz",
      "integrity": "sha1-2s+vDmDkLshHMv62tPBdXfAKZL4=",
      "requires": {
        "minecraft-skin": "~0.1.0"
      }
    },
    "voxel-raycast": {
      "version": "0.2.1",
      "resolved": "https://registry.npmjs.org/voxel-raycast/-/voxel-raycast-0.2.1.tgz",
      "integrity": "sha1-Yee7Auk0sIJlo+2B42izU7yk+44="
    },
    "voxel-region-change": {
      "version": "0.1.0",
      "resolved": "https://registry.npmjs.org/voxel-region-change/-/voxel-region-change-0.1.0.tgz",
      "integrity": "sha1-/hLTBZEXhpOtfBAogwnILvqlWNw=",
      "requires": {
        "aabb-3d": "0.0.0"
      }
    },
    "voxel-shader": {
      "version": "0.15.3",
      "resolved": "https://registry.npmjs.org/voxel-shader/-/voxel-shader-0.15.3.tgz",
      "integrity": "sha1-da0J5Vg8MQqQ7VpJJeBh7M3Sn0I=",
      "requires": {
        "gl-mat4": "^1.0.3",
        "gl-shader": "^4.1.1",
        "glslify": "^5.0.0",
        "inherits": "^2.0.1"
      }
    },
    "voxel-texture": {
      "version": "0.5.6",
      "resolved": "https://registry.npmjs.org/voxel-texture/-/voxel-texture-0.5.6.tgz",
      "integrity": "sha1-dsUWp8xKlJHbJccxIwraXAiYwog=",
      "requires": {
        "atlaspack": "~0.2.4",
        "tic": "~0.2.0"
      }
    },
    "voxel-view": {
      "version": "0.0.6",
      "resolved": "https://registry.npmjs.org/voxel-view/-/voxel-view-0.0.6.tgz",
      "integrity": "sha1-tJJPL8Homni7My77yZ4pZk1idMg="
    },
    "weakmap-shim": {
      "version": "1.1.1",
      "resolved": "https://registry.npmjs.org/weakmap-shim/-/weakmap-shim-1.1.1.tgz",
      "integrity": "sha1-1lr9eEEJshZuAP9XHDMVDsKkC0k="
    },
    "webglew": {
      "version": "0.0.0",
      "resolved": "https://registry.npmjs.org/webglew/-/webglew-0.0.0.tgz",
      "integrity": "sha1-bcrCy7jXh5mOvIb1iNuylX0rAGc="
    },
    "wrappy": {
      "version": "1.0.2",
      "resolved": "https://registry.npmjs.org/wrappy/-/wrappy-1.0.2.tgz",
      "integrity": "sha1-tSQ9jz7BqjXxNkYFvA0QNuMKtp8="
    },
    "xtend": {
      "version": "4.0.1",
      "resolved": "https://registry.npmjs.org/xtend/-/xtend-4.0.1.tgz",
      "integrity": "sha1-pcbVMr5lbiPbgg77lDofBJmNY68="
    }
  }
}
